
Microsoft Visual Studio Solution File, Format Version 12.00
# Visual Studio 15
VisualStudioVersion = 15.0.27703.2026
MinimumVisualStudioVersion = 10.0.40219.1
Project("{9A19103F-16F7-4668-BE54-9A1E7A4F7556}") = "Restaurante_Menu", "Restaurante_Menu\Restaurante_Menu.csproj", "{A56D5A5F-B038-4990-B401-504CEA8F583A}"
EndProject
Project("{FAE04EC0-301F-11D3-BF4B-00C04F79EFBC}") = "Restaurante_Datos", "Restaurante_Datos\Restaurante_Datos.csproj", "{41EFCC3A-1D73-4F2E-93EB-6E8D17E16D16}"
EndProject
Global
	GlobalSection(SolutionConfigurationPlatforms) = preSolution
		Debug|Any CPU = Debug|Any CPU
		Release|Any CPU = Release|Any CPU
	EndGlobalSection
	GlobalSection(ProjectConfigurationPlatforms) = postSolution
		{A56D5A5F-B038-4990-B401-504CEA8F583A}.Debug|Any CPU.ActiveCfg = Debug|Any CPU
		{A56D5A5F-B038-4990-B401-504CEA8F583A}.Debug|Any CPU.Build.0 = Debug|Any CPU
		{A56D5A5F-B038-4990-B401-504CEA8F583A}.Release|Any CPU.ActiveCfg = Release|Any CPU
		{A56D5A5F-B038-4990-B401-504CEA8F583A}.Release|Any CPU.Build.0 = Release|Any CPU
		{41EFCC3A-1D73-4F2E-93EB-6E8D17E16D16}.Debug|Any CPU.ActiveCfg = Debug|Any CPU
		{41EFCC3A-1D73-4F2E-93EB-6E8D17E16D16}.Debug|Any CPU.Build.0 = Debug|Any CPU
		{41EFCC3A-1D73-4F2E-93EB-6E8D17E16D16}.Release|Any CPU.ActiveCfg = Release|Any CPU
		{41EFCC3A-1D73-4F2E-93EB-6E8D17E16D16}.Release|Any CPU.Build.0 = Release|Any CPU
	EndGlobalSection
	GlobalSection(SolutionProperties) = preSolution
		HideSolutionNode = FALSE
	EndGlobalSection
	GlobalSection(ExtensibilityGlobals) = postSolution
		SolutionGuid = {DDE231E7-1956-4DC0-8D86-BC5CF8355D1D}
	EndGlobalSection
EndGlobal
